<?xml version="1.0" encoding="utf-8"?>
<Project ToolsVersion="4.0" xmlns="http://schemas.microsoft.com/developer/msbuild/2003">
  <ItemGroup>
    <Filter Include="Source Files">
      <UniqueIdentifier>{D4C34F16-68F4-4A8B-8CF8-18435E2A0FA4}</UniqueIdentifier>
      <Extensions>cpp;c;cxx;def;odl;idl;hpj;bat;asm;asmx</Extensions>
    </Filter>
    <Filter Include="Header Files">
      <UniqueIdentifier>{6487D4A7-D683-4C54-80C7-9BBE3029CD7B}</UniqueIdentifier>
      <Extensions>h;hh;hpp;hxx;hm;inl;inc;ipp;xsd</Extensions>
    </Filter>
    <Filter Include="Resource Files">
      <UniqueIdentifier>{3A44AB26-8475-43D7-B3B8-0D8CF188455F}</UniqueIdentifier>
      <Extensions>rc;ico;cur;bmp;dlg;rc2;rct;bin;rgs;gif;jpg;jpeg;jpe;resx;tiff;tif;png;wav</Extensions>
    </Filter>
    <Filter Include="Documentation">
      <UniqueIdentifier>{2C3A6BA2-00C7-42FF-A701-68AEF24D571F}</UniqueIdentifier>
      <Extensions>md;txt</Extensions>
    </Filter>
  </ItemGroup>
  <ItemGroup>
    <ClInclude Include="..\src\resource.h">
      <Filter>Header Files</Filter>
    </ClInclude>
    <ClInclude Include="..\src\TrackAllClientManagerLegacy.h">
      <Filter>Header Files</Filter>
    </ClInclude>
    <ClInclude Include="..\src\Loan.h">
      <Filter>Header Files</Filter>
    </ClInclude>
    <ClInclude Include="..\src\LoanRules.h">
      <Filter>Header Files</Filter>
    </ClInclude>
    <ClInclude Include="..\src\LoanSearchDlg.h">
      <Filter>Header Files</Filter>
    </ClInclude>
    <ClInclude Include="..\src\LoanAddDlg.h">
      <Filter>Header Files</Filter>
    </ClInclude>
    <ClInclude Include="..\src\LoanModifyDlg.h">
      <Filter>Header Files</Filter>
    </ClInclude>
    <ClInclude Include="..\src\TMELibAdapter.h">
      <Filter>Header Files</Filter>
    </ClInclude>
    <ClInclude Include="..\src\RataBaseServiceAdapter.h">
      <Filter>Header Files</Filter>
    </ClInclude>
    <ClInclude Include="..\src\EDINotificationWriter.h">
      <Filter>Header Files</Filter>
    </ClInclude>
  </ItemGroup>
  <ItemGroup>
    <ClCompile Include="..\src\TrackAllClientManagerLegacy.cpp">
      <Filter>Source Files</Filter>
    </ClCompile>
    <ClCompile Include="..\src\LoanRules.cpp">
      <Filter>Source Files</Filter>
    </ClCompile>
    <ClCompile Include="..\src\LoanSearchDlg.cpp">
      <Filter>Source Files</Filter>
    </ClCompile>
    <ClCompile Include="..\src\LoanAddDlg.cpp">
      <Filter>Source Files</Filter>
    </ClCompile>
    <ClCompile Include="..\src\LoanModifyDlg.cpp">
      <Filter>Source Files</Filter>
    </ClCompile>
    <ClCompile Include="..\src\TMELibAdapter.cpp">
      <Filter>Source Files</Filter>
    </ClCompile>
    <ClCompile Include="..\src\RataBaseServiceAdapter.cpp">
      <Filter>Source Files</Filter>
    </ClCompile>
    <ClCompile Include="..\src\EDINotificationWriter.cpp">
      <Filter>Source Files</Filter>
    </ClCompile>
  </ItemGroup>
  <ItemGroup>
    <ResourceCompile Include="..\src\TrackAllClientManagerLegacy.rc">
      <Filter>Resource Files</Filter>
    </ResourceCompile>
  </ItemGroup>
  <ItemGroup>
    <None Include="..\README.md">
      <Filter>Documentation</Filter>
    </None>
    <None Include="..\START_HERE.md">
      <Filter>Documentation</Filter>
    </None>
    <None Include="..\docs\AGENT_OPERATING_RULES.md">
      <Filter>Documentation</Filter>
    </None>
    <None Include="..\artifacts\generated_screen_inventory.md">
      <Filter>Documentation</Filter>
    </None>
    <None Include="..\docs\source_grounding_notes.md">
      <Filter>Documentation</Filter>
    </None>
    <None Include="..\docs\context\project_context.md">
      <Filter>Documentation</Filter>
    </None>
    <None Include="..\docs\decision_log.md">
      <Filter>Documentation</Filter>
    </None>
    <None Include="README.md">
      <Filter>Documentation</Filter>
    </None>
  </ItemGroup>
</Project>
